
Microsoft Visual Studio Solution File, Format Version 12.00
# Visual Studio Version 16
VisualStudioVersion = 16.0.28803.452
MinimumVisualStudioVersion = 10.0.40219.1
Project("{888888A0-9F3D-457C-B088-3A5042F75D52}") = "feedback", "feedback.pyproj", "{1F92993F-EB28-41DA-BF28-D7D55831CC13}"
EndProject
Global
	GlobalSection(SolutionConfigurationPlatforms) = preSolution
		Debug|Any CPU = Debug|Any CPU
		Release|Any CPU = Release|Any CPU
	EndGlobalSection
	GlobalSection(ProjectConfigurationPlatforms) = postSolution
		{1F92993F-EB28-41DA-BF28-D7D55831CC13}.Debug|Any CPU.ActiveCfg = Debug|Any CPU
		{1F92993F-EB28-41DA-BF28-D7D55831CC13}.Release|Any CPU.ActiveCfg = Release|Any CPU
	EndGlobalSection
	GlobalSection(SolutionProperties) = preSolution
		HideSolutionNode = FALSE
	EndGlobalSection
	GlobalSection(ExtensibilityGlobals) = postSolution
		SolutionGuid = {FC2494C2-D3CA-46A7-8E67-26332EDB41A5}
	EndGlobalSection
EndGlobal
